
Microsoft Visual Studio Solution File, Format Version 12.00
Project("{FAE04EC0-301F-11D3-BF4B-00C04F79EFBC}") = "TalentForge.TelegramBotStartup", "TalentForge.TelegramBotStartup\TalentForge.TelegramBotStartup.csproj", "{18488198-5F21-4922-B396-56BBF0481244}"
EndProject
Project("{FAE04EC0-301F-11D3-BF4B-00C04F79EFBC}") = "TalentForge.Application", "TalentForge.Application\TalentForge.Application.csproj", "{B17F12CF-6A2F-4622-B2EA-BF43F70E357F}"
EndProject
Project("{FAE04EC0-301F-11D3-BF4B-00C04F79EFBC}") = "TalentForge.Infrastructure", "TalentForge.Infrastructure\TalentForge.Infrastructure.csproj", "{E9A10C6F-C352-4592-98F1-D864BEB2815F}"
EndProject
Project("{FAE04EC0-301F-11D3-BF4B-00C04F79EFBC}") = "TalentForge.Domain", "TalentForge.Domain\TalentForge.Domain.csproj", "{A3B3783B-E31C-4B02-A642-C70F6C6ACCA4}"
EndProject
Project("{2150E333-8FDC-42A3-9474-1A3956D46DE8}") = "TelegramBotUI", "TelegramBotUI", "{AB49382B-D184-4054-A9FE-52C764ED9CF4}"
EndProject
Project("{FAE04EC0-301F-11D3-BF4B-00C04F79EFBC}") = "TalentForge.TelegramBotUI.Common", "TalentForge.TelegramBotUI.Common\TalentForge.TelegramBotUI.Common.csproj", "{587D4E1D-F3F1-450A-B4D8-2DD219824A06}"
EndProject
Global
	GlobalSection(SolutionConfigurationPlatforms) = preSolution
		Debug|Any CPU = Debug|Any CPU
		Release|Any CPU = Release|Any CPU
	EndGlobalSection
	GlobalSection(ProjectConfigurationPlatforms) = postSolution
		{18488198-5F21-4922-B396-56BBF0481244}.Debug|Any CPU.ActiveCfg = Debug|Any CPU
		{18488198-5F21-4922-B396-56BBF0481244}.Debug|Any CPU.Build.0 = Debug|Any CPU
		{18488198-5F21-4922-B396-56BBF0481244}.Release|Any CPU.ActiveCfg = Release|Any CPU
		{18488198-5F21-4922-B396-56BBF0481244}.Release|Any CPU.Build.0 = Release|Any CPU
		{B17F12CF-6A2F-4622-B2EA-BF43F70E357F}.Debug|Any CPU.ActiveCfg = Debug|Any CPU
		{B17F12CF-6A2F-4622-B2EA-BF43F70E357F}.Debug|Any CPU.Build.0 = Debug|Any CPU
		{B17F12CF-6A2F-4622-B2EA-BF43F70E357F}.Release|Any CPU.ActiveCfg = Release|Any CPU
		{B17F12CF-6A2F-4622-B2EA-BF43F70E357F}.Release|Any CPU.Build.0 = Release|Any CPU
		{E9A10C6F-C352-4592-98F1-D864BEB2815F}.Debug|Any CPU.ActiveCfg = Debug|Any CPU
		{E9A10C6F-C352-4592-98F1-D864BEB2815F}.Debug|Any CPU.Build.0 = Debug|Any CPU
		{E9A10C6F-C352-4592-98F1-D864BEB2815F}.Release|Any CPU.ActiveCfg = Release|Any CPU
		{E9A10C6F-C352-4592-98F1-D864BEB2815F}.Release|Any CPU.Build.0 = Release|Any CPU
		{A3B3783B-E31C-4B02-A642-C70F6C6ACCA4}.Debug|Any CPU.ActiveCfg = Debug|Any CPU
		{A3B3783B-E31C-4B02-A642-C70F6C6ACCA4}.Debug|Any CPU.Build.0 = Debug|Any CPU
		{A3B3783B-E31C-4B02-A642-C70F6C6ACCA4}.Release|Any CPU.ActiveCfg = Release|Any CPU
		{A3B3783B-E31C-4B02-A642-C70F6C6ACCA4}.Release|Any CPU.Build.0 = Release|Any CPU
		{587D4E1D-F3F1-450A-B4D8-2DD219824A06}.Debug|Any CPU.ActiveCfg = Debug|Any CPU
		{587D4E1D-F3F1-450A-B4D8-2DD219824A06}.Debug|Any CPU.Build.0 = Debug|Any CPU
		{587D4E1D-F3F1-450A-B4D8-2DD219824A06}.Release|Any CPU.ActiveCfg = Release|Any CPU
		{587D4E1D-F3F1-450A-B4D8-2DD219824A06}.Release|Any CPU.Build.0 = Release|Any CPU
	EndGlobalSection
	GlobalSection(NestedProjects) = preSolution
		{587D4E1D-F3F1-450A-B4D8-2DD219824A06} = {AB49382B-D184-4054-A9FE-52C764ED9CF4}
	EndGlobalSection
EndGlobal
